// !$*UTF8*$!
{
	archiveVersion = 1;
	classes = {
	};
	objectVersion = 50;
	objects = {

/* Begin PBXBuildFile section */
		3704224222FD998800FE43D9 /* CommunicateCase.swift in Sources */ = {isa = PBXBuildFile; fileRef = 3704224122FD998800FE43D9 /* CommunicateCase.swift */; };
		3722165122B7E29100FBC6BB /* Communicate.h in Headers */ = {isa = PBXBuildFile; fileRef = 3722164F22B7E29100FBC6BB /* Communicate.h */; settings = {ATTRIBUTES = (Public, ); }; };
		3722165922B7E32400FBC6BB /* AuthenticationViewController.swift in Sources */ = {isa = PBXBuildFile; fileRef = 3722165822B7E32400FBC6BB /* AuthenticationViewController.swift */; };
		3722165B22B7E33200FBC6BB /* Settings.swift in Sources */ = {isa = PBXBuildFile; fileRef = 3722165A22B7E33200FBC6BB /* Settings.swift */; };
		372D7C3222B8C3DA002B2321 /* Communicator.swift in Sources */ = {isa = PBXBuildFile; fileRef = 372D7C3122B8C3DA002B2321 /* Communicator.swift */; };
		372D7C5C22B9145C002B2321 /* CommunicateUser.swift in Sources */ = {isa = PBXBuildFile; fileRef = 372D7C5B22B9145C002B2321 /* CommunicateUser.swift */; };
		3766244623053CDD001CBF94 /* CommunicateCaseModel.swift in Sources */ = {isa = PBXBuildFile; fileRef = 3766244423053441001CBF94 /* CommunicateCaseModel.swift */; };
		377460A8230C24E900827E6F /* CommunicateTests.swift in Sources */ = {isa = PBXBuildFile; fileRef = 377460A7230C24E900827E6F /* CommunicateTests.swift */; };
		377460AA230C24E900827E6F /* Communicate.framework in Frameworks */ = {isa = PBXBuildFile; fileRef = 3722164C22B7E29100FBC6BB /* Communicate.framework */; };
		37C0A142230FCC9B001E854D /* Data+Decode.swift in Sources */ = {isa = PBXBuildFile; fileRef = 37C0A141230FCC9B001E854D /* Data+Decode.swift */; };
		37F81E3222F8153700F00BED /* AppDelegate.swift in Sources */ = {isa = PBXBuildFile; fileRef = 37F81E3122F8153700F00BED /* AppDelegate.swift */; };
		37F81E3422F8153700F00BED /* ViewController.swift in Sources */ = {isa = PBXBuildFile; fileRef = 37F81E3322F8153700F00BED /* ViewController.swift */; };
		37F81E3922F8153800F00BED /* Assets.xcassets in Resources */ = {isa = PBXBuildFile; fileRef = 37F81E3822F8153800F00BED /* Assets.xcassets */; };
		37F81E3C22F8153800F00BED /* LaunchScreen.storyboard in Resources */ = {isa = PBXBuildFile; fileRef = 37F81E3A22F8153800F00BED /* LaunchScreen.storyboard */; };
		37F81E4322F8176400F00BED /* Communicate.framework in Frameworks */ = {isa = PBXBuildFile; fileRef = 3722164C22B7E29100FBC6BB /* Communicate.framework */; };
		37F81E4422F8176400F00BED /* Communicate.framework in Embed Frameworks */ = {isa = PBXBuildFile; fileRef = 3722164C22B7E29100FBC6BB /* Communicate.framework */; settings = {ATTRIBUTES = (CodeSignOnCopy, RemoveHeadersOnCopy, ); }; };
/* End PBXBuildFile section */

/* Begin PBXContainerItemProxy section */
		377460AB230C24E900827E6F /* PBXContainerItemProxy */ = {
			isa = PBXContainerItemProxy;
			containerPortal = 3722164322B7E29100FBC6BB /* Project object */;
			proxyType = 1;
			remoteGlobalIDString = 3722164B22B7E29100FBC6BB;
			remoteInfo = Communicate;
		};
		37F81E4122F8175B00F00BED /* PBXContainerItemProxy */ = {
			isa = PBXContainerItemProxy;
			containerPortal = 3722164322B7E29100FBC6BB /* Project object */;
			proxyType = 1;
			remoteGlobalIDString = 3722164B22B7E29100FBC6BB;
			remoteInfo = Communicate;
		};
/* End PBXContainerItemProxy section */

/* Begin PBXCopyFilesBuildPhase section */
		37F81E4522F8176400F00BED /* Embed Frameworks */ = {
			isa = PBXCopyFilesBuildPhase;
			buildActionMask = 2147483647;
			dstPath = "";
			dstSubfolderSpec = 10;
			files = (
				37F81E4422F8176400F00BED /* Communicate.framework in Embed Frameworks */,
			);
			name = "Embed Frameworks";
			runOnlyForDeploymentPostprocessing = 0;
		};
/* End PBXCopyFilesBuildPhase section */

/* Begin PBXFileReference section */
		3704224122FD998800FE43D9 /* CommunicateCase.swift */ = {isa = PBXFileReference; lastKnownFileType = sourcecode.swift; path = CommunicateCase.swift; sourceTree = "<group>"; };
		3722164C22B7E29100FBC6BB /* Communicate.framework */ = {isa = PBXFileReference; explicitFileType = wrapper.framework; includeInIndex = 0; path = Communicate.framework; sourceTree = BUILT_PRODUCTS_DIR; };
		3722164F22B7E29100FBC6BB /* Communicate.h */ = {isa = PBXFileReference; lastKnownFileType = sourcecode.c.h; path = Communicate.h; sourceTree = "<group>"; };
		3722165022B7E29100FBC6BB /* Info.plist */ = {isa = PBXFileReference; lastKnownFileType = text.plist.xml; path = Info.plist; sourceTree = "<group>"; };
		3722165822B7E32400FBC6BB /* AuthenticationViewController.swift */ = {isa = PBXFileReference; lastKnownFileType = sourcecode.swift; path = AuthenticationViewController.swift; sourceTree = "<group>"; };
		3722165A22B7E33200FBC6BB /* Settings.swift */ = {isa = PBXFileReference; lastKnownFileType = sourcecode.swift; path = Settings.swift; sourceTree = "<group>"; };
		372D7C3122B8C3DA002B2321 /* Communicator.swift */ = {isa = PBXFileReference; lastKnownFileType = sourcecode.swift; path = Communicator.swift; sourceTree = "<group>"; };
		372D7C5B22B9145C002B2321 /* CommunicateUser.swift */ = {isa = PBXFileReference; lastKnownFileType = sourcecode.swift; path = CommunicateUser.swift; sourceTree = "<group>"; };
		3766244423053441001CBF94 /* CommunicateCaseModel.swift */ = {isa = PBXFileReference; lastKnownFileType = sourcecode.swift; path = CommunicateCaseModel.swift; sourceTree = "<group>"; };
		377460A5230C24E900827E6F /* CommunicateTests.xctest */ = {isa = PBXFileReference; explicitFileType = wrapper.cfbundle; includeInIndex = 0; path = CommunicateTests.xctest; sourceTree = BUILT_PRODUCTS_DIR; };
		377460A7230C24E900827E6F /* CommunicateTests.swift */ = {isa = PBXFileReference; lastKnownFileType = sourcecode.swift; path = CommunicateTests.swift; sourceTree = "<group>"; };
		377460A9230C24E900827E6F /* Info.plist */ = {isa = PBXFileReference; lastKnownFileType = text.plist.xml; path = Info.plist; sourceTree = "<group>"; };
		37C0A141230FCC9B001E854D /* Data+Decode.swift */ = {isa = PBXFileReference; lastKnownFileType = sourcecode.swift; path = "Data+Decode.swift"; sourceTree = "<group>"; };
		37F81E2F22F8153700F00BED /* CommunicateExample.app */ = {isa = PBXFileReference; explicitFileType = wrapper.application; includeInIndex = 0; path = CommunicateExample.app; sourceTree = BUILT_PRODUCTS_DIR; };
		37F81E3122F8153700F00BED /* AppDelegate.swift */ = {isa = PBXFileReference; lastKnownFileType = sourcecode.swift; path = AppDelegate.swift; sourceTree = "<group>"; };
		37F81E3322F8153700F00BED /* ViewController.swift */ = {isa = PBXFileReference; lastKnownFileType = sourcecode.swift; path = ViewController.swift; sourceTree = "<group>"; };
		37F81E3822F8153800F00BED /* Assets.xcassets */ = {isa = PBXFileReference; lastKnownFileType = folder.assetcatalog; path = Assets.xcassets; sourceTree = "<group>"; };
		37F81E3B22F8153800F00BED /* Base */ = {isa = PBXFileReference; lastKnownFileType = file.storyboard; name = Base; path = Base.lproj/LaunchScreen.storyboard; sourceTree = "<group>"; };
		37F81E3D22F8153800F00BED /* Info.plist */ = {isa = PBXFileReference; lastKnownFileType = text.plist.xml; path = Info.plist; sourceTree = "<group>"; };
/* End PBXFileReference section */

/* Begin PBXFrameworksBuildPhase section */
		3722164922B7E29100FBC6BB /* Frameworks */ = {
			isa = PBXFrameworksBuildPhase;
			buildActionMask = 2147483647;
			files = (
			);
			runOnlyForDeploymentPostprocessing = 0;
		};
		377460A2230C24E900827E6F /* Frameworks */ = {
			isa = PBXFrameworksBuildPhase;
			buildActionMask = 2147483647;
			files = (
				377460AA230C24E900827E6F /* Communicate.framework in Frameworks */,
			);
			runOnlyForDeploymentPostprocessing = 0;
		};
		37F81E2C22F8153700F00BED /* Frameworks */ = {
			isa = PBXFrameworksBuildPhase;
			buildActionMask = 2147483647;
			files = (
				37F81E4322F8176400F00BED /* Communicate.framework in Frameworks */,
			);
			runOnlyForDeploymentPostprocessing = 0;
		};
/* End PBXFrameworksBuildPhase section */

/* Begin PBXGroup section */
		3722164222B7E29100FBC6BB = {
			isa = PBXGroup;
			children = (
				3722165722B7E2CC00FBC6BB /* Source */,
				3722164E22B7E29100FBC6BB /* Resources */,
				37F81E3022F8153700F00BED /* CommunicateExample */,
				377460A6230C24E900827E6F /* CommunicateTests */,
				3722164D22B7E29100FBC6BB /* Products */,
			);
			indentWidth = 2;
			sourceTree = "<group>";
			tabWidth = 2;
			usesTabs = 0;
		};
		3722164D22B7E29100FBC6BB /* Products */ = {
			isa = PBXGroup;
			children = (
				3722164C22B7E29100FBC6BB /* Communicate.framework */,
				37F81E2F22F8153700F00BED /* CommunicateExample.app */,
				377460A5230C24E900827E6F /* CommunicateTests.xctest */,
			);
			name = Products;
			sourceTree = "<group>";
		};
		3722164E22B7E29100FBC6BB /* Resources */ = {
			isa = PBXGroup;
			children = (
				3722164F22B7E29100FBC6BB /* Communicate.h */,
				3722165022B7E29100FBC6BB /* Info.plist */,
			);
			path = Resources;
			sourceTree = "<group>";
		};
		3722165722B7E2CC00FBC6BB /* Source */ = {
			isa = PBXGroup;
			children = (
				3722165822B7E32400FBC6BB /* AuthenticationViewController.swift */,
				3722165A22B7E33200FBC6BB /* Settings.swift */,
				372D7C3122B8C3DA002B2321 /* Communicator.swift */,
				3704224122FD998800FE43D9 /* CommunicateCase.swift */,
				3766244423053441001CBF94 /* CommunicateCaseModel.swift */,
				372D7C5B22B9145C002B2321 /* CommunicateUser.swift */,
				37C0A141230FCC9B001E854D /* Data+Decode.swift */,
			);
			path = Source;
			sourceTree = "<group>";
		};
		377460A6230C24E900827E6F /* CommunicateTests */ = {
			isa = PBXGroup;
			children = (
				377460A7230C24E900827E6F /* CommunicateTests.swift */,
				377460A9230C24E900827E6F /* Info.plist */,
			);
			path = CommunicateTests;
			sourceTree = "<group>";
		};
		37F81E3022F8153700F00BED /* CommunicateExample */ = {
			isa = PBXGroup;
			children = (
				37F81E3122F8153700F00BED /* AppDelegate.swift */,
				37F81E3322F8153700F00BED /* ViewController.swift */,
				37F81E3822F8153800F00BED /* Assets.xcassets */,
				37F81E3A22F8153800F00BED /* LaunchScreen.storyboard */,
				37F81E3D22F8153800F00BED /* Info.plist */,
			);
			path = CommunicateExample;
			sourceTree = "<group>";
		};
/* End PBXGroup section */

/* Begin PBXHeadersBuildPhase section */
		3722164722B7E29100FBC6BB /* Headers */ = {
			isa = PBXHeadersBuildPhase;
			buildActionMask = 2147483647;
			files = (
				3722165122B7E29100FBC6BB /* Communicate.h in Headers */,
			);
			runOnlyForDeploymentPostprocessing = 0;
		};
/* End PBXHeadersBuildPhase section */

/* Begin PBXNativeTarget section */
		3722164B22B7E29100FBC6BB /* Communicate */ = {
			isa = PBXNativeTarget;
			buildConfigurationList = 3722165422B7E29100FBC6BB /* Build configuration list for PBXNativeTarget "Communicate" */;
			buildPhases = (
				3722164722B7E29100FBC6BB /* Headers */,
				3722164822B7E29100FBC6BB /* Sources */,
				3722164922B7E29100FBC6BB /* Frameworks */,
				3722164A22B7E29100FBC6BB /* Resources */,
			);
			buildRules = (
			);
			dependencies = (
			);
			name = Communicate;
			productName = CommunicateSwift;
			productReference = 3722164C22B7E29100FBC6BB /* Communicate.framework */;
			productType = "com.apple.product-type.framework";
		};
		377460A4230C24E900827E6F /* CommunicateTests */ = {
			isa = PBXNativeTarget;
			buildConfigurationList = 377460AF230C24E900827E6F /* Build configuration list for PBXNativeTarget "CommunicateTests" */;
			buildPhases = (
				377460A1230C24E900827E6F /* Sources */,
				377460A2230C24E900827E6F /* Frameworks */,
				377460A3230C24E900827E6F /* Resources */,
			);
			buildRules = (
			);
			dependencies = (
				377460AC230C24E900827E6F /* PBXTargetDependency */,
			);
			name = CommunicateTests;
			productName = CommunicateTests;
			productReference = 377460A5230C24E900827E6F /* CommunicateTests.xctest */;
			productType = "com.apple.product-type.bundle.unit-test";
		};
		37F81E2E22F8153700F00BED /* CommunicateExample */ = {
			isa = PBXNativeTarget;
			buildConfigurationList = 37F81E4022F8153800F00BED /* Build configuration list for PBXNativeTarget "CommunicateExample" */;
			buildPhases = (
				37F81E2B22F8153700F00BED /* Sources */,
				37F81E2C22F8153700F00BED /* Frameworks */,
				37F81E2D22F8153700F00BED /* Resources */,
				37F81E4522F8176400F00BED /* Embed Frameworks */,
			);
			buildRules = (
			);
			dependencies = (
				37F81E4222F8175B00F00BED /* PBXTargetDependency */,
			);
			name = CommunicateExample;
			productName = CommunicateExample;
			productReference = 37F81E2F22F8153700F00BED /* CommunicateExample.app */;
			productType = "com.apple.product-type.application";
		};
/* End PBXNativeTarget section */

/* Begin PBXProject section */
		3722164322B7E29100FBC6BB /* Project object */ = {
			isa = PBXProject;
			attributes = {
				LastSwiftUpdateCheck = 1030;
				LastUpgradeCheck = 1020;
				ORGANIZATIONNAME = "Kapanu AG";
				TargetAttributes = {
					3722164B22B7E29100FBC6BB = {
						CreatedOnToolsVersion = 10.2.1;
						LastSwiftMigration = 1020;
					};
					377460A4230C24E900827E6F = {
						CreatedOnToolsVersion = 10.3;
					};
					37F81E2E22F8153700F00BED = {
						CreatedOnToolsVersion = 10.3;
					};
				};
			};
			buildConfigurationList = 3722164622B7E29100FBC6BB /* Build configuration list for PBXProject "CommunicateSwift" */;
			compatibilityVersion = "Xcode 9.3";
			developmentRegion = en;
			hasScannedForEncodings = 0;
			knownRegions = (
				en,
				Base,
			);
			mainGroup = 3722164222B7E29100FBC6BB;
			productRefGroup = 3722164D22B7E29100FBC6BB /* Products */;
			projectDirPath = "";
			projectRoot = "";
			targets = (
				3722164B22B7E29100FBC6BB /* Communicate */,
				37F81E2E22F8153700F00BED /* CommunicateExample */,
				377460A4230C24E900827E6F /* CommunicateTests */,
			);
		};
/* End PBXProject section */

/* Begin PBXResourcesBuildPhase section */
		3722164A22B7E29100FBC6BB /* Resources */ = {
			isa = PBXResourcesBuildPhase;
			buildActionMask = 2147483647;
			files = (
			);
			runOnlyForDeploymentPostprocessing = 0;
		};
		377460A3230C24E900827E6F /* Resources */ = {
			isa = PBXResourcesBuildPhase;
			buildActionMask = 2147483647;
			files = (
			);
			runOnlyForDeploymentPostprocessing = 0;
		};
		37F81E2D22F8153700F00BED /* Resources */ = {
			isa = PBXResourcesBuildPhase;
			buildActionMask = 2147483647;
			files = (
				37F81E3C22F8153800F00BED /* LaunchScreen.storyboard in Resources */,
				37F81E3922F8153800F00BED /* Assets.xcassets in Resources */,
			);
			runOnlyForDeploymentPostprocessing = 0;
		};
/* End PBXResourcesBuildPhase section */

/* Begin PBXSourcesBuildPhase section */
		3722164822B7E29100FBC6BB /* Sources */ = {
			isa = PBXSourcesBuildPhase;
			buildActionMask = 2147483647;
			files = (
				372D7C5C22B9145C002B2321 /* CommunicateUser.swift in Sources */,
				3704224222FD998800FE43D9 /* CommunicateCase.swift in Sources */,
				37C0A142230FCC9B001E854D /* Data+Decode.swift in Sources */,
				372D7C3222B8C3DA002B2321 /* Communicator.swift in Sources */,
				3766244623053CDD001CBF94 /* CommunicateCaseModel.swift in Sources */,
				3722165B22B7E33200FBC6BB /* Settings.swift in Sources */,
				3722165922B7E32400FBC6BB /* AuthenticationViewController.swift in Sources */,
			);
			runOnlyForDeploymentPostprocessing = 0;
		};
		377460A1230C24E900827E6F /* Sources */ = {
			isa = PBXSourcesBuildPhase;
			buildActionMask = 2147483647;
			files = (
				377460A8230C24E900827E6F /* CommunicateTests.swift in Sources */,
			);
			runOnlyForDeploymentPostprocessing = 0;
		};
		37F81E2B22F8153700F00BED /* Sources */ = {
			isa = PBXSourcesBuildPhase;
			buildActionMask = 2147483647;
			files = (
				37F81E3422F8153700F00BED /* ViewController.swift in Sources */,
				37F81E3222F8153700F00BED /* AppDelegate.swift in Sources */,
			);
			runOnlyForDeploymentPostprocessing = 0;
		};
/* End PBXSourcesBuildPhase section */

/* Begin PBXTargetDependency section */
		377460AC230C24E900827E6F /* PBXTargetDependency */ = {
			isa = PBXTargetDependency;
			target = 3722164B22B7E29100FBC6BB /* Communicate */;
			targetProxy = 377460AB230C24E900827E6F /* PBXContainerItemProxy */;
		};
		37F81E4222F8175B00F00BED /* PBXTargetDependency */ = {
			isa = PBXTargetDependency;
			target = 3722164B22B7E29100FBC6BB /* Communicate */;
			targetProxy = 37F81E4122F8175B00F00BED /* PBXContainerItemProxy */;
		};
/* End PBXTargetDependency section */

/* Begin PBXVariantGroup section */
		37F81E3A22F8153800F00BED /* LaunchScreen.storyboard */ = {
			isa = PBXVariantGroup;
			children = (
				37F81E3B22F8153800F00BED /* Base */,
			);
			name = LaunchScreen.storyboard;
			sourceTree = "<group>";
		};
/* End PBXVariantGroup section */

/* Begin XCBuildConfiguration section */
		3722165222B7E29100FBC6BB /* Debug */ = {
			isa = XCBuildConfiguration;
			buildSettings = {
				ALWAYS_SEARCH_USER_PATHS = NO;
				CLANG_ANALYZER_NONNULL = YES;
				CLANG_ANALYZER_NUMBER_OBJECT_CONVERSION = YES_AGGRESSIVE;
				CLANG_CXX_LANGUAGE_STANDARD = "gnu++14";
				CLANG_CXX_LIBRARY = "libc++";
				CLANG_ENABLE_MODULES = YES;
				CLANG_ENABLE_OBJC_ARC = YES;
				CLANG_ENABLE_OBJC_WEAK = YES;
				CLANG_WARN_BLOCK_CAPTURE_AUTORELEASING = YES;
				CLANG_WARN_BOOL_CONVERSION = YES;
				CLANG_WARN_COMMA = YES;
				CLANG_WARN_CONSTANT_CONVERSION = YES;
				CLANG_WARN_DEPRECATED_OBJC_IMPLEMENTATIONS = YES;
				CLANG_WARN_DIRECT_OBJC_ISA_USAGE = YES_ERROR;
				CLANG_WARN_DOCUMENTATION_COMMENTS = YES;
				CLANG_WARN_EMPTY_BODY = YES;
				CLANG_WARN_ENUM_CONVERSION = YES;
				CLANG_WARN_INFINITE_RECURSION = YES;
				CLANG_WARN_INT_CONVERSION = YES;
				CLANG_WARN_NON_LITERAL_NULL_CONVERSION = YES;
				CLANG_WARN_OBJC_IMPLICIT_RETAIN_SELF = YES;
				CLANG_WARN_OBJC_LITERAL_CONVERSION = YES;
				CLANG_WARN_OBJC_ROOT_CLASS = YES_ERROR;
				CLANG_WARN_RANGE_LOOP_ANALYSIS = YES;
				CLANG_WARN_STRICT_PROTOTYPES = YES;
				CLANG_WARN_SUSPICIOUS_MOVE = YES;
				CLANG_WARN_UNGUARDED_AVAILABILITY = YES_AGGRESSIVE;
				CLANG_WARN_UNREACHABLE_CODE = YES;
				CLANG_WARN__DUPLICATE_METHOD_MATCH = YES;
				CODE_SIGN_IDENTITY = "iPhone Developer";
				COPY_PHASE_STRIP = NO;
				CURRENT_PROJECT_VERSION = 1;
				DEBUG_INFORMATION_FORMAT = dwarf;
				ENABLE_STRICT_OBJC_MSGSEND = YES;
				ENABLE_TESTABILITY = YES;
				GCC_C_LANGUAGE_STANDARD = gnu11;
				GCC_DYNAMIC_NO_PIC = NO;
				GCC_NO_COMMON_BLOCKS = YES;
				GCC_OPTIMIZATION_LEVEL = 0;
				GCC_PREPROCESSOR_DEFINITIONS = (
					"DEBUG=1",
					"$(inherited)",
				);
				GCC_WARN_64_TO_32_BIT_CONVERSION = YES;
				GCC_WARN_ABOUT_RETURN_TYPE = YES_ERROR;
				GCC_WARN_UNDECLARED_SELECTOR = YES;
				GCC_WARN_UNINITIALIZED_AUTOS = YES_AGGRESSIVE;
				GCC_WARN_UNUSED_FUNCTION = YES;
				GCC_WARN_UNUSED_VARIABLE = YES;
				IPHONEOS_DEPLOYMENT_TARGET = 11.0;
				MTL_ENABLE_DEBUG_INFO = INCLUDE_SOURCE;
				MTL_FAST_MATH = YES;
				ONLY_ACTIVE_ARCH = YES;
				SDKROOT = iphoneos;
				SWIFT_ACTIVE_COMPILATION_CONDITIONS = DEBUG;
				SWIFT_OPTIMIZATION_LEVEL = "-Onone";
				VERSIONING_SYSTEM = "apple-generic";
				VERSION_INFO_PREFIX = "";
			};
			name = Debug;
		};
		3722165322B7E29100FBC6BB /* Release */ = {
			isa = XCBuildConfiguration;
			buildSettings = {
				ALWAYS_SEARCH_USER_PATHS = NO;
				CLANG_ANALYZER_NONNULL = YES;
				CLANG_ANALYZER_NUMBER_OBJECT_CONVERSION = YES_AGGRESSIVE;
				CLANG_CXX_LANGUAGE_STANDARD = "gnu++14";
				CLANG_CXX_LIBRARY = "libc++";
				CLANG_ENABLE_MODULES = YES;
				CLANG_ENABLE_OBJC_ARC = YES;
				CLANG_ENABLE_OBJC_WEAK = YES;
				CLANG_WARN_BLOCK_CAPTURE_AUTORELEASING = YES;
				CLANG_WARN_BOOL_CONVERSION = YES;
				CLANG_WARN_COMMA = YES;
				CLANG_WARN_CONSTANT_CONVERSION = YES;
				CLANG_WARN_DEPRECATED_OBJC_IMPLEMENTATIONS = YES;
				CLANG_WARN_DIRECT_OBJC_ISA_USAGE = YES_ERROR;
				CLANG_WARN_DOCUMENTATION_COMMENTS = YES;
				CLANG_WARN_EMPTY_BODY = YES;
				CLANG_WARN_ENUM_CONVERSION = YES;
				CLANG_WARN_INFINITE_RECURSION = YES;
				CLANG_WARN_INT_CONVERSION = YES;
				CLANG_WARN_NON_LITERAL_NULL_CONVERSION = YES;
				CLANG_WARN_OBJC_IMPLICIT_RETAIN_SELF = YES;
				CLANG_WARN_OBJC_LITERAL_CONVERSION = YES;
				CLANG_WARN_OBJC_ROOT_CLASS = YES_ERROR;
				CLANG_WARN_RANGE_LOOP_ANALYSIS = YES;
				CLANG_WARN_STRICT_PROTOTYPES = YES;
				CLANG_WARN_SUSPICIOUS_MOVE = YES;
				CLANG_WARN_UNGUARDED_AVAILABILITY = YES_AGGRESSIVE;
				CLANG_WARN_UNREACHABLE_CODE = YES;
				CLANG_WARN__DUPLICATE_METHOD_MATCH = YES;
				CODE_SIGN_IDENTITY = "iPhone Developer";
				COPY_PHASE_STRIP = NO;
				CURRENT_PROJECT_VERSION = 1;
				DEBUG_INFORMATION_FORMAT = "dwarf-with-dsym";
				ENABLE_NS_ASSERTIONS = NO;
				ENABLE_STRICT_OBJC_MSGSEND = YES;
				GCC_C_LANGUAGE_STANDARD = gnu11;
				GCC_NO_COMMON_BLOCKS = YES;
				GCC_WARN_64_TO_32_BIT_CONVERSION = YES;
				GCC_WARN_ABOUT_RETURN_TYPE = YES_ERROR;
				GCC_WARN_UNDECLARED_SELECTOR = YES;
				GCC_WARN_UNINITIALIZED_AUTOS = YES_AGGRESSIVE;
				GCC_WARN_UNUSED_FUNCTION = YES;
				GCC_WARN_UNUSED_VARIABLE = YES;
				IPHONEOS_DEPLOYMENT_TARGET = 11.0;
				MTL_ENABLE_DEBUG_INFO = NO;
				MTL_FAST_MATH = YES;
				SDKROOT = iphoneos;
				SWIFT_COMPILATION_MODE = wholemodule;
				SWIFT_OPTIMIZATION_LEVEL = "-O";
				VALIDATE_PRODUCT = YES;
				VERSIONING_SYSTEM = "apple-generic";
				VERSION_INFO_PREFIX = "";
			};
			name = Release;
		};
		3722165522B7E29100FBC6BB /* Debug */ = {
			isa = XCBuildConfiguration;
			buildSettings = {
				CLANG_ENABLE_MODULES = YES;
				CODE_SIGN_IDENTITY = "";
				CODE_SIGN_STYLE = Automatic;
				DEFINES_MODULE = YES;
				DEVELOPMENT_TEAM = 6MQKZ27373;
				DYLIB_COMPATIBILITY_VERSION = 1;
				DYLIB_CURRENT_VERSION = 1;
				DYLIB_INSTALL_NAME_BASE = "@rpath";
				INFOPLIST_FILE = "$(SRCROOT)/Resources/Info.plist";
				INSTALL_PATH = "$(LOCAL_LIBRARY_DIR)/Frameworks";
				LD_RUNPATH_SEARCH_PATHS = (
					"$(inherited)",
					"@executable_path/Frameworks",
					"@loader_path/Frameworks",
				);
				PRODUCT_BUNDLE_IDENTIFIER = com.kapanu.Communicate;
				PRODUCT_NAME = "$(TARGET_NAME:c99extidentifier)";
				SKIP_INSTALL = YES;
				SWIFT_OPTIMIZATION_LEVEL = "-Onone";
				SWIFT_VERSION = 5.0;
				TARGETED_DEVICE_FAMILY = "1,2";
			};
			name = Debug;
		};
		3722165622B7E29100FBC6BB /* Release */ = {
			isa = XCBuildConfiguration;
			buildSettings = {
				CLANG_ENABLE_MODULES = YES;
				CODE_SIGN_IDENTITY = "";
				CODE_SIGN_STYLE = Automatic;
				DEFINES_MODULE = YES;
				DEVELOPMENT_TEAM = 6MQKZ27373;
				DYLIB_COMPATIBILITY_VERSION = 1;
				DYLIB_CURRENT_VERSION = 1;
				DYLIB_INSTALL_NAME_BASE = "@rpath";
				INFOPLIST_FILE = "$(SRCROOT)/Resources/Info.plist";
				INSTALL_PATH = "$(LOCAL_LIBRARY_DIR)/Frameworks";
				LD_RUNPATH_SEARCH_PATHS = (
					"$(inherited)",
					"@executable_path/Frameworks",
					"@loader_path/Frameworks",
				);
				PRODUCT_BUNDLE_IDENTIFIER = com.kapanu.Communicate;
				PRODUCT_NAME = "$(TARGET_NAME:c99extidentifier)";
				SKIP_INSTALL = YES;
				SWIFT_VERSION = 5.0;
				TARGETED_DEVICE_FAMILY = "1,2";
			};
			name = Release;
		};
		377460AD230C24E900827E6F /* Debug */ = {
			isa = XCBuildConfiguration;
			buildSettings = {
				CODE_SIGN_STYLE = Automatic;
				DEVELOPMENT_TEAM = 6MQKZ27373;
				INFOPLIST_FILE = CommunicateTests/Info.plist;
				IPHONEOS_DEPLOYMENT_TARGET = 12.4;
				LD_RUNPATH_SEARCH_PATHS = (
					"$(inherited)",
					"@executable_path/Frameworks",
					"@loader_path/Frameworks",
				);
				PRODUCT_BUNDLE_IDENTIFIER = com.kapanu.CommunicateTests;
				PRODUCT_NAME = "$(TARGET_NAME)";
				SWIFT_VERSION = 5.0;
				TARGETED_DEVICE_FAMILY = "1,2";
			};
			name = Debug;
		};
		377460AE230C24E900827E6F /* Release */ = {
			isa = XCBuildConfiguration;
			buildSettings = {
				CODE_SIGN_STYLE = Automatic;
				DEVELOPMENT_TEAM = 6MQKZ27373;
				INFOPLIST_FILE = CommunicateTests/Info.plist;
				IPHONEOS_DEPLOYMENT_TARGET = 12.4;
				LD_RUNPATH_SEARCH_PATHS = (
					"$(inherited)",
					"@executable_path/Frameworks",
					"@loader_path/Frameworks",
				);
				PRODUCT_BUNDLE_IDENTIFIER = com.kapanu.CommunicateTests;
				PRODUCT_NAME = "$(TARGET_NAME)";
				SWIFT_VERSION = 5.0;
				TARGETED_DEVICE_FAMILY = "1,2";
			};
			name = Release;
		};
		37F81E3E22F8153800F00BED /* Debug */ = {
			isa = XCBuildConfiguration;
			buildSettings = {
				ALWAYS_EMBED_SWIFT_STANDARD_LIBRARIES = YES;
				ASSETCATALOG_COMPILER_APPICON_NAME = AppIcon;
				CODE_SIGN_STYLE = Automatic;
				DEVELOPMENT_TEAM = 6MQKZ27373;
				INFOPLIST_FILE = CommunicateExample/Info.plist;
				IPHONEOS_DEPLOYMENT_TARGET = 12.4;
				LD_RUNPATH_SEARCH_PATHS = (
					"$(inherited)",
					"@executable_path/Frameworks",
				);
				PRODUCT_BUNDLE_IDENTIFIER = com.kapanu.CommunicateExample;
				PRODUCT_NAME = "$(TARGET_NAME)";
				SWIFT_VERSION = 5.0;
				TARGETED_DEVICE_FAMILY = "1,2";
			};
			name = Debug;
		};
		37F81E3F22F8153800F00BED /* Release */ = {
			isa = XCBuildConfiguration;
			buildSettings = {
				ALWAYS_EMBED_SWIFT_STANDARD_LIBRARIES = YES;
				ASSETCATALOG_COMPILER_APPICON_NAME = AppIcon;
				CODE_SIGN_STYLE = Automatic;
				DEVELOPMENT_TEAM = 6MQKZ27373;
				INFOPLIST_FILE = CommunicateExample/Info.plist;
				IPHONEOS_DEPLOYMENT_TARGET = 12.4;
				LD_RUNPATH_SEARCH_PATHS = (
					"$(inherited)",
					"@executable_path/Frameworks",
				);
				PRODUCT_BUNDLE_IDENTIFIER = com.kapanu.CommunicateExample;
				PRODUCT_NAME = "$(TARGET_NAME)";
				SWIFT_VERSION = 5.0;
				TARGETED_DEVICE_FAMILY = "1,2";
			};
			name = Release;
		};
/* End XCBuildConfiguration section */

/* Begin XCConfigurationList section */
		3722164622B7E29100FBC6BB /* Build configuration list for PBXProject "CommunicateSwift" */ = {
			isa = XCConfigurationList;
			buildConfigurations = (
				3722165222B7E29100FBC6BB /* Debug */,
				3722165322B7E29100FBC6BB /* Release */,
			);
			defaultConfigurationIsVisible = 0;
			defaultConfigurationName = Release;
		};
		3722165422B7E29100FBC6BB /* Build configuration list for PBXNativeTarget "Communicate" */ = {
			isa = XCConfigurationList;
			buildConfigurations = (
				3722165522B7E29100FBC6BB /* Debug */,
				3722165622B7E29100FBC6BB /* Release */,
			);
			defaultConfigurationIsVisible = 0;
			defaultConfigurationName = Release;
		};
		377460AF230C24E900827E6F /* Build configuration list for PBXNativeTarget "CommunicateTests" */ = {
			isa = XCConfigurationList;
			buildConfigurations = (
				377460AD230C24E900827E6F /* Debug */,
				377460AE230C24E900827E6F /* Release */,
			);
			defaultConfigurationIsVisible = 0;
			defaultConfigurationName = Release;
		};
		37F81E4022F8153800F00BED /* Build configuration list for PBXNativeTarget "CommunicateExample" */ = {
			isa = XCConfigurationList;
			buildConfigurations = (
				37F81E3E22F8153800F00BED /* Debug */,
				37F81E3F22F8153800F00BED /* Release */,
			);
			defaultConfigurationIsVisible = 0;
			defaultConfigurationName = Release;
		};
/* End XCConfigurationList section */
	};
	rootObject = 3722164322B7E29100FBC6BB /* Project object */;
}
